
Microsoft Visual Studio Solution File, Format Version 12.00
# Visual Studio Version 17
VisualStudioVersion = 17.0.31903.59
MinimumVisualStudioVersion = 10.0.40219.1
Project("{F2A71F9B-5D33-465A-A702-920D77279786}") = "TestActivePatternPythonCore", "TestActivePatternPythonCore\TestActivePatternPythonCore.fsproj", "{2179393B-C960-4EC3-9410-5E8CDD0BFA75}"
EndProject
Project("{F2A71F9B-5D33-465A-A702-920D77279786}") = "ActivePatternPythonCore", "ActivePatternPythonCore\ActivePatternPythonCore.fsproj", "{4668D88B-FEC1-4DC9-A043-E8E3BF87E0DD}"
EndProject
Global
	GlobalSection(SolutionConfigurationPlatforms) = preSolution
		Debug|Any CPU = Debug|Any CPU
		Release|Any CPU = Release|Any CPU
	EndGlobalSection
	GlobalSection(SolutionProperties) = preSolution
		HideSolutionNode = FALSE
	EndGlobalSection
	GlobalSection(ProjectConfigurationPlatforms) = postSolution
		{2179393B-C960-4EC3-9410-5E8CDD0BFA75}.Debug|Any CPU.ActiveCfg = Debug|Any CPU
		{2179393B-C960-4EC3-9410-5E8CDD0BFA75}.Debug|Any CPU.Build.0 = Debug|Any CPU
		{2179393B-C960-4EC3-9410-5E8CDD0BFA75}.Release|Any CPU.ActiveCfg = Release|Any CPU
		{2179393B-C960-4EC3-9410-5E8CDD0BFA75}.Release|Any CPU.Build.0 = Release|Any CPU
		{4668D88B-FEC1-4DC9-A043-E8E3BF87E0DD}.Debug|Any CPU.ActiveCfg = Debug|Any CPU
		{4668D88B-FEC1-4DC9-A043-E8E3BF87E0DD}.Debug|Any CPU.Build.0 = Debug|Any CPU
		{4668D88B-FEC1-4DC9-A043-E8E3BF87E0DD}.Release|Any CPU.ActiveCfg = Release|Any CPU
		{4668D88B-FEC1-4DC9-A043-E8E3BF87E0DD}.Release|Any CPU.Build.0 = Release|Any CPU
	EndGlobalSection
EndGlobal
